
Microsoft Visual Studio Solution File, Format Version 12.00
# Visual Studio Version 16
VisualStudioVersion = 16.0.810.13
MinimumVisualStudioVersion = 10.0.40219.1
Project("{FAE04EC0-301F-11D3-BF4B-00C04F79EFBC}") = "ui-test-template", "ui-test-template.csproj", "{43598AB9-26AD-403C-A344-0D6F7DEB7E40}"
EndProject
Project("{2150E333-8FDC-42A3-9474-1A3956D46DE8}") = "Solution Items", "Solution Items", "{C75FFE9C-C25E-4573-917D-575270F4907D}"
	ProjectSection(SolutionItems) = preProject
		appsettings.json = appsettings.json
		.gitignore = .gitignore
	EndProjectSection
EndProject
Global
	GlobalSection(SolutionConfigurationPlatforms) = preSolution
		Debug|Any CPU = Debug|Any CPU
		Release|Any CPU = Release|Any CPU
	EndGlobalSection
	GlobalSection(ProjectConfigurationPlatforms) = postSolution
		{43598AB9-26AD-403C-A344-0D6F7DEB7E40}.Debug|Any CPU.ActiveCfg = Debug|Any CPU
		{43598AB9-26AD-403C-A344-0D6F7DEB7E40}.Debug|Any CPU.Build.0 = Debug|Any CPU
		{43598AB9-26AD-403C-A344-0D6F7DEB7E40}.Release|Any CPU.ActiveCfg = Release|Any CPU
		{43598AB9-26AD-403C-A344-0D6F7DEB7E40}.Release|Any CPU.Build.0 = Release|Any CPU
	EndGlobalSection
	GlobalSection(SolutionProperties) = preSolution
		HideSolutionNode = FALSE
	EndGlobalSection
	GlobalSection(ExtensibilityGlobals) = postSolution
		SolutionGuid = {E44E8C40-E27D-4D08-80F7-6312C46ECDAC}
	EndGlobalSection
EndGlobal
